<Solution>
  <Folder Name="/samples/">
    <Project Path="samples/Apsis.Coordinates.Demo/Apsis.Coordinates.Demo.csproj" />
  </Folder>
  <Folder Name="/src/">
    <Project Path="src/Apsis.Coordinates/Apsis.Coordinates.csproj" />
    <Project Path="src/Apsis.Mechanics/Apsis.Mechanics.csproj" />
    <Project Path="src/Apsis.Time/Apsis.Time.csproj" />
    <Project Path="src/Apsis.Units/Apsis.Units.csproj" />
    <Project Path="src/Apsis.Utilities/Apsis.Utilities.csproj" />
  </Folder>
  <Folder Name="/tests/">
    <Project Path="tests/Apsis.Coordinates.Tests/Apsis.Coordinates.Tests.csproj" />
  </Folder>
</Solution>
